{
  "requires": true,
  "lockfileVersion": 1,
  "dependencies": {
    "@datastructures-js/heap": {
      "version": "1.2.0",
      "resolved": "https://registry.npmjs.org/@datastructures-js/heap/-/heap-1.2.0.tgz",
      "integrity": "sha512-4dexQMQB2S6VXjtwI2px/Y2oIrfqOq2QkZKXFzaXizVA5FgAHlWNZ50/PF7SpjKgkMR1E1vPtY5eaxFwuPanFQ=="
    },
    "@datastructures-js/min-heap": {
      "version": "3.0.0",
      "resolved": "https://registry.npmjs.org/@datastructures-js/min-heap/-/min-heap-3.0.0.tgz",
      "integrity": "sha512-L6k3L4Yaobsty+IKYAHyiZaEtgY/ShwPbJMEKEfAHqVfu2LrD0hmZXmbJ5z54N8EWbdo4/8zk2wKAChllsfluQ==",
      "requires": {
        "@datastructures-js/heap": "^1.2.0"
      }
    },
    "@datastructures-js/priority-queue": {
      "version": "2.0.0",
      "resolved": "https://registry.npmjs.org/@datastructures-js/priority-queue/-/priority-queue-2.0.0.tgz",
      "integrity": "sha512-PPtv7nZaDFO/3D0mWd/99iVYqyl7sKY8ZNQMKbS8x92OJ9Qw0yrpWz6KX/i8bSlGlTBx3oTUx8gZeKqaUDXZRg==",
      "requires": {
        "@datastructures-js/heap": "^1.2.0"
      }
    },
    "@datastructures-js/queue": {
      "version": "3.1.0",
      "resolved": "https://registry.npmjs.org/@datastructures-js/queue/-/queue-3.1.0.tgz",
      "integrity": "sha512-VdJ+n4B1r1dRrzMS3WR76cJ69483uEFCfzNwiXDtN/D4DTZeiM5BGXN9xd5CXRfhUzfyMGkF9wqC5QMdgl+3pQ=="
    },
    "heap": {
      "version": "0.2.6",
      "resolved": "https://registry.npmjs.org/heap/-/heap-0.2.6.tgz",
      "integrity": "sha1-CH4fELBGky/IWU3Z5tN4r8nR5aw="
    },
    "tinyqueue": {
      "version": "2.0.3",
      "resolved": "https://registry.npmjs.org/tinyqueue/-/tinyqueue-2.0.3.tgz",
      "integrity": "sha512-ppJZNDuKGgxzkHihX8v9v9G5f+18gzaTfrukGrq6ueg0lmH4nqVnA2IPG0AEH3jKEk2GRJCUhDoqpoiw3PHLBA=="
    }
  }
}
